
Microsoft Visual Studio Solution File, Format Version 12.00
# Visual Studio 15
VisualStudioVersion = 15.0.28010.2003
MinimumVisualStudioVersion = 10.0.40219.1
Project("{FAE04EC0-301F-11D3-BF4B-00C04F79EFBC}") = "AirVinyl.Model", "AirVinyl.Model\AirVinyl.Model.csproj", "{948C803E-7334-4591-90F2-0AD8F3B1FCB7}"
EndProject
Project("{FAE04EC0-301F-11D3-BF4B-00C04F79EFBC}") = "AirVinyl.DataAccessLayer", "AirVinyl.DataAccessLayer\AirVinyl.DataAccessLayer.csproj", "{F8B46C2B-6DFA-42AB-8860-96A6457BF85E}"
EndProject
Project("{FAE04EC0-301F-11D3-BF4B-00C04F79EFBC}") = "AirVinyl.API", "AirVinyl.API\AirVinyl.API.csproj", "{A66EF9EF-8D27-473A-B9C6-0B7B084A3435}"
EndProject
Global
	GlobalSection(SolutionConfigurationPlatforms) = preSolution
		Debug|Any CPU = Debug|Any CPU
		Release|Any CPU = Release|Any CPU
	EndGlobalSection
	GlobalSection(ProjectConfigurationPlatforms) = postSolution
		{948C803E-7334-4591-90F2-0AD8F3B1FCB7}.Debug|Any CPU.ActiveCfg = Debug|Any CPU
		{948C803E-7334-4591-90F2-0AD8F3B1FCB7}.Debug|Any CPU.Build.0 = Debug|Any CPU
		{948C803E-7334-4591-90F2-0AD8F3B1FCB7}.Release|Any CPU.ActiveCfg = Release|Any CPU
		{948C803E-7334-4591-90F2-0AD8F3B1FCB7}.Release|Any CPU.Build.0 = Release|Any CPU
		{F8B46C2B-6DFA-42AB-8860-96A6457BF85E}.Debug|Any CPU.ActiveCfg = Debug|Any CPU
		{F8B46C2B-6DFA-42AB-8860-96A6457BF85E}.Debug|Any CPU.Build.0 = Debug|Any CPU
		{F8B46C2B-6DFA-42AB-8860-96A6457BF85E}.Release|Any CPU.ActiveCfg = Release|Any CPU
		{F8B46C2B-6DFA-42AB-8860-96A6457BF85E}.Release|Any CPU.Build.0 = Release|Any CPU
		{A66EF9EF-8D27-473A-B9C6-0B7B084A3435}.Debug|Any CPU.ActiveCfg = Debug|Any CPU
		{A66EF9EF-8D27-473A-B9C6-0B7B084A3435}.Debug|Any CPU.Build.0 = Debug|Any CPU
		{A66EF9EF-8D27-473A-B9C6-0B7B084A3435}.Release|Any CPU.ActiveCfg = Release|Any CPU
		{A66EF9EF-8D27-473A-B9C6-0B7B084A3435}.Release|Any CPU.Build.0 = Release|Any CPU
	EndGlobalSection
	GlobalSection(SolutionProperties) = preSolution
		HideSolutionNode = FALSE
	EndGlobalSection
	GlobalSection(ExtensibilityGlobals) = postSolution
		SolutionGuid = {C196A8E6-F44A-428A-AF16-701423B39813}
	EndGlobalSection
EndGlobal
